// !$*UTF8*$!
{
	archiveVersion = 1;
	classes = {
	};
	objectVersion = 56;
	objects = {

/* Begin PBXBuildFile section */
		4014F40C29754CF5000014BE /* UkrAppOneApp.swift in Sources */ = {isa = PBXBuildFile; fileRef = 4014F40B29754CF5000014BE /* UkrAppOneApp.swift */; };
		4014F40E29754CF5000014BE /* ContentView.swift in Sources */ = {isa = PBXBuildFile; fileRef = 4014F40D29754CF5000014BE /* ContentView.swift */; };
		4014F41029754CF6000014BE /* Assets.xcassets in Resources */ = {isa = PBXBuildFile; fileRef = 4014F40F29754CF6000014BE /* Assets.xcassets */; };
		4014F41329754CF6000014BE /* Preview Assets.xcassets in Resources */ = {isa = PBXBuildFile; fileRef = 4014F41229754CF6000014BE /* Preview Assets.xcassets */; };
		4014F41A29754D3F000014BE /* MainView.swift in Sources */ = {isa = PBXBuildFile; fileRef = 4014F41929754D3F000014BE /* MainView.swift */; };
		4014F41C29754D6C000014BE /* Discover.swift in Sources */ = {isa = PBXBuildFile; fileRef = 4014F41B29754D6C000014BE /* Discover.swift */; };
		4014F41E29754D75000014BE /* MapView.swift in Sources */ = {isa = PBXBuildFile; fileRef = 4014F41D29754D75000014BE /* MapView.swift */; };
		4014F42029754D84000014BE /* Tips.swift in Sources */ = {isa = PBXBuildFile; fileRef = 4014F41F29754D84000014BE /* Tips.swift */; };
		408852A52977A0B200CCBF84 /* Settings.swift in Sources */ = {isa = PBXBuildFile; fileRef = 408852A42977A0B200CCBF84 /* Settings.swift */; };
		408852A72977D1E600CCBF84 /* ActivityView.swift in Sources */ = {isa = PBXBuildFile; fileRef = 408852A62977D1E600CCBF84 /* ActivityView.swift */; };
		40B6D4A729760B300081E8E5 /* Location.swift in Sources */ = {isa = PBXBuildFile; fileRef = 40B6D4A629760B300081E8E5 /* Location.swift */; };
		40B6D4A929760B3A0081E8E5 /* Locations.swift in Sources */ = {isa = PBXBuildFile; fileRef = 40B6D4A829760B3A0081E8E5 /* Locations.swift */; };
		40B6D4AC29760B7D0081E8E5 /* tips.json in Resources */ = {isa = PBXBuildFile; fileRef = 40B6D4AA29760B7C0081E8E5 /* tips.json */; };
		40B6D4AD29760B7D0081E8E5 /* locations.json in Resources */ = {isa = PBXBuildFile; fileRef = 40B6D4AB29760B7D0081E8E5 /* locations.json */; };
		40B6D4AF2976182D0081E8E5 /* Tip.swift in Sources */ = {isa = PBXBuildFile; fileRef = 40B6D4AE2976182D0081E8E5 /* Tip.swift */; };
/* End PBXBuildFile section */

/* Begin PBXFileReference section */
		4014F40829754CF5000014BE /* UkrAppOne.app */ = {isa = PBXFileReference; explicitFileType = wrapper.application; includeInIndex = 0; path = UkrAppOne.app; sourceTree = BUILT_PRODUCTS_DIR; };
		4014F40B29754CF5000014BE /* UkrAppOneApp.swift */ = {isa = PBXFileReference; lastKnownFileType = sourcecode.swift; path = UkrAppOneApp.swift; sourceTree = "<group>"; };
		4014F40D29754CF5000014BE /* ContentView.swift */ = {isa = PBXFileReference; lastKnownFileType = sourcecode.swift; path = ContentView.swift; sourceTree = "<group>"; };
		4014F40F29754CF6000014BE /* Assets.xcassets */ = {isa = PBXFileReference; lastKnownFileType = folder.assetcatalog; path = Assets.xcassets; sourceTree = "<group>"; };
		4014F41229754CF6000014BE /* Preview Assets.xcassets */ = {isa = PBXFileReference; lastKnownFileType = folder.assetcatalog; path = "Preview Assets.xcassets"; sourceTree = "<group>"; };
		4014F41929754D3F000014BE /* MainView.swift */ = {isa = PBXFileReference; lastKnownFileType = sourcecode.swift; path = MainView.swift; sourceTree = "<group>"; };
		4014F41B29754D6C000014BE /* Discover.swift */ = {isa = PBXFileReference; lastKnownFileType = sourcecode.swift; path = Discover.swift; sourceTree = "<group>"; };
		4014F41D29754D75000014BE /* MapView.swift */ = {isa = PBXFileReference; lastKnownFileType = sourcecode.swift; path = MapView.swift; sourceTree = "<group>"; };
		4014F41F29754D84000014BE /* Tips.swift */ = {isa = PBXFileReference; lastKnownFileType = sourcecode.swift; path = Tips.swift; sourceTree = "<group>"; };
		408852A42977A0B200CCBF84 /* Settings.swift */ = {isa = PBXFileReference; lastKnownFileType = sourcecode.swift; path = Settings.swift; sourceTree = "<group>"; };
		408852A62977D1E600CCBF84 /* ActivityView.swift */ = {isa = PBXFileReference; lastKnownFileType = sourcecode.swift; path = ActivityView.swift; sourceTree = "<group>"; };
		40B6D4A629760B300081E8E5 /* Location.swift */ = {isa = PBXFileReference; lastKnownFileType = sourcecode.swift; path = Location.swift; sourceTree = "<group>"; };
		40B6D4A829760B3A0081E8E5 /* Locations.swift */ = {isa = PBXFileReference; lastKnownFileType = sourcecode.swift; path = Locations.swift; sourceTree = "<group>"; };
		40B6D4AA29760B7C0081E8E5 /* tips.json */ = {isa = PBXFileReference; fileEncoding = 4; lastKnownFileType = text.json; path = tips.json; sourceTree = "<group>"; };
		40B6D4AB29760B7D0081E8E5 /* locations.json */ = {isa = PBXFileReference; fileEncoding = 4; lastKnownFileType = text.json; path = locations.json; sourceTree = "<group>"; };
		40B6D4AE2976182D0081E8E5 /* Tip.swift */ = {isa = PBXFileReference; lastKnownFileType = sourcecode.swift; path = Tip.swift; sourceTree = "<group>"; };
/* End PBXFileReference section */

/* Begin PBXFrameworksBuildPhase section */
		4014F40529754CF5000014BE /* Frameworks */ = {
			isa = PBXFrameworksBuildPhase;
			buildActionMask = 2147483647;
			files = (
			);
			runOnlyForDeploymentPostprocessing = 0;
		};
/* End PBXFrameworksBuildPhase section */

/* Begin PBXGroup section */
		4014F3FF29754CF5000014BE = {
			isa = PBXGroup;
			children = (
				4014F40A29754CF5000014BE /* UkrAppOne */,
				4014F40929754CF5000014BE /* Products */,
			);
			sourceTree = "<group>";
		};
		4014F40929754CF5000014BE /* Products */ = {
			isa = PBXGroup;
			children = (
				4014F40829754CF5000014BE /* UkrAppOne.app */,
			);
			name = Products;
			sourceTree = "<group>";
		};
		4014F40A29754CF5000014BE /* UkrAppOne */ = {
			isa = PBXGroup;
			children = (
				4014F40B29754CF5000014BE /* UkrAppOneApp.swift */,
				4014F40D29754CF5000014BE /* ContentView.swift */,
				4014F41929754D3F000014BE /* MainView.swift */,
				4014F41B29754D6C000014BE /* Discover.swift */,
				4014F41D29754D75000014BE /* MapView.swift */,
				40B6D4A629760B300081E8E5 /* Location.swift */,
				40B6D4A829760B3A0081E8E5 /* Locations.swift */,
				40B6D4AE2976182D0081E8E5 /* Tip.swift */,
				4014F41F29754D84000014BE /* Tips.swift */,
				408852A42977A0B200CCBF84 /* Settings.swift */,
				408852A62977D1E600CCBF84 /* ActivityView.swift */,
				4014F40F29754CF6000014BE /* Assets.xcassets */,
				4014F41129754CF6000014BE /* Preview Content */,
				40B6D4AB29760B7D0081E8E5 /* locations.json */,
				40B6D4AA29760B7C0081E8E5 /* tips.json */,
			);
			path = UkrAppOne;
			sourceTree = "<group>";
		};
		4014F41129754CF6000014BE /* Preview Content */ = {
			isa = PBXGroup;
			children = (
				4014F41229754CF6000014BE /* Preview Assets.xcassets */,
			);
			path = "Preview Content";
			sourceTree = "<group>";
		};
/* End PBXGroup section */

/* Begin PBXNativeTarget section */
		4014F40729754CF5000014BE /* UkrAppOne */ = {
			isa = PBXNativeTarget;
			buildConfigurationList = 4014F41629754CF6000014BE /* Build configuration list for PBXNativeTarget "UkrAppOne" */;
			buildPhases = (
				4014F40429754CF5000014BE /* Sources */,
				4014F40529754CF5000014BE /* Frameworks */,
				4014F40629754CF5000014BE /* Resources */,
			);
			buildRules = (
			);
			dependencies = (
			);
			name = UkrAppOne;
			productName = UkrAppOne;
			productReference = 4014F40829754CF5000014BE /* UkrAppOne.app */;
			productType = "com.apple.product-type.application";
		};
/* End PBXNativeTarget section */

/* Begin PBXProject section */
		4014F40029754CF5000014BE /* Project object */ = {
			isa = PBXProject;
			attributes = {
				BuildIndependentTargetsInParallel = 1;
				LastSwiftUpdateCheck = 1420;
				LastUpgradeCheck = 1420;
				TargetAttributes = {
					4014F40729754CF5000014BE = {
						CreatedOnToolsVersion = 14.2;
					};
				};
			};
			buildConfigurationList = 4014F40329754CF5000014BE /* Build configuration list for PBXProject "UkrAppOne" */;
			compatibilityVersion = "Xcode 14.0";
			developmentRegion = en;
			hasScannedForEncodings = 0;
			knownRegions = (
				en,
				Base,
			);
			mainGroup = 4014F3FF29754CF5000014BE;
			productRefGroup = 4014F40929754CF5000014BE /* Products */;
			projectDirPath = "";
			projectRoot = "";
			targets = (
				4014F40729754CF5000014BE /* UkrAppOne */,
			);
		};
/* End PBXProject section */

/* Begin PBXResourcesBuildPhase section */
		4014F40629754CF5000014BE /* Resources */ = {
			isa = PBXResourcesBuildPhase;
			buildActionMask = 2147483647;
			files = (
				4014F41329754CF6000014BE /* Preview Assets.xcassets in Resources */,
				4014F41029754CF6000014BE /* Assets.xcassets in Resources */,
				40B6D4AD29760B7D0081E8E5 /* locations.json in Resources */,
				40B6D4AC29760B7D0081E8E5 /* tips.json in Resources */,
			);
			runOnlyForDeploymentPostprocessing = 0;
		};
/* End PBXResourcesBuildPhase section */

/* Begin PBXSourcesBuildPhase section */
		4014F40429754CF5000014BE /* Sources */ = {
			isa = PBXSourcesBuildPhase;
			buildActionMask = 2147483647;
			files = (
				408852A72977D1E600CCBF84 /* ActivityView.swift in Sources */,
				40B6D4A929760B3A0081E8E5 /* Locations.swift in Sources */,
				4014F41C29754D6C000014BE /* Discover.swift in Sources */,
				4014F40E29754CF5000014BE /* ContentView.swift in Sources */,
				40B6D4A729760B300081E8E5 /* Location.swift in Sources */,
				408852A52977A0B200CCBF84 /* Settings.swift in Sources */,
				4014F41E29754D75000014BE /* MapView.swift in Sources */,
				4014F41A29754D3F000014BE /* MainView.swift in Sources */,
				40B6D4AF2976182D0081E8E5 /* Tip.swift in Sources */,
				4014F40C29754CF5000014BE /* UkrAppOneApp.swift in Sources */,
				4014F42029754D84000014BE /* Tips.swift in Sources */,
			);
			runOnlyForDeploymentPostprocessing = 0;
		};
/* End PBXSourcesBuildPhase section */

/* Begin XCBuildConfiguration section */
		4014F41429754CF6000014BE /* Debug */ = {
			isa = XCBuildConfiguration;
			buildSettings = {
				ALWAYS_SEARCH_USER_PATHS = NO;
				CLANG_ANALYZER_NONNULL = YES;
				CLANG_ANALYZER_NUMBER_OBJECT_CONVERSION = YES_AGGRESSIVE;
				CLANG_CXX_LANGUAGE_STANDARD = "gnu++20";
				CLANG_ENABLE_MODULES = YES;
				CLANG_ENABLE_OBJC_ARC = YES;
				CLANG_ENABLE_OBJC_WEAK = YES;
				CLANG_WARN_BLOCK_CAPTURE_AUTORELEASING = YES;
				CLANG_WARN_BOOL_CONVERSION = YES;
				CLANG_WARN_COMMA = YES;
				CLANG_WARN_CONSTANT_CONVERSION = YES;
				CLANG_WARN_DEPRECATED_OBJC_IMPLEMENTATIONS = YES;
				CLANG_WARN_DIRECT_OBJC_ISA_USAGE = YES_ERROR;
				CLANG_WARN_DOCUMENTATION_COMMENTS = YES;
				CLANG_WARN_EMPTY_BODY = YES;
				CLANG_WARN_ENUM_CONVERSION = YES;
				CLANG_WARN_INFINITE_RECURSION = YES;
				CLANG_WARN_INT_CONVERSION = YES;
				CLANG_WARN_NON_LITERAL_NULL_CONVERSION = YES;
				CLANG_WARN_OBJC_IMPLICIT_RETAIN_SELF = YES;
				CLANG_WARN_OBJC_LITERAL_CONVERSION = YES;
				CLANG_WARN_OBJC_ROOT_CLASS = YES_ERROR;
				CLANG_WARN_QUOTED_INCLUDE_IN_FRAMEWORK_HEADER = YES;
				CLANG_WARN_RANGE_LOOP_ANALYSIS = YES;
				CLANG_WARN_STRICT_PROTOTYPES = YES;
				CLANG_WARN_SUSPICIOUS_MOVE = YES;
				CLANG_WARN_UNGUARDED_AVAILABILITY = YES_AGGRESSIVE;
				CLANG_WARN_UNREACHABLE_CODE = YES;
				CLANG_WARN__DUPLICATE_METHOD_MATCH = YES;
				COPY_PHASE_STRIP = NO;
				DEBUG_INFORMATION_FORMAT = dwarf;
				ENABLE_STRICT_OBJC_MSGSEND = YES;
				ENABLE_TESTABILITY = YES;
				GCC_C_LANGUAGE_STANDARD = gnu11;
				GCC_DYNAMIC_NO_PIC = NO;
				GCC_NO_COMMON_BLOCKS = YES;
				GCC_OPTIMIZATION_LEVEL = 0;
				GCC_PREPROCESSOR_DEFINITIONS = (
					"DEBUG=1",
					"$(inherited)",
				);
				GCC_WARN_64_TO_32_BIT_CONVERSION = YES;
				GCC_WARN_ABOUT_RETURN_TYPE = YES_ERROR;
				GCC_WARN_UNDECLARED_SELECTOR = YES;
				GCC_WARN_UNINITIALIZED_AUTOS = YES_AGGRESSIVE;
				GCC_WARN_UNUSED_FUNCTION = YES;
				GCC_WARN_UNUSED_VARIABLE = YES;
				IPHONEOS_DEPLOYMENT_TARGET = 16.2;
				MTL_ENABLE_DEBUG_INFO = INCLUDE_SOURCE;
				MTL_FAST_MATH = YES;
				ONLY_ACTIVE_ARCH = YES;
				SDKROOT = iphoneos;
				SWIFT_ACTIVE_COMPILATION_CONDITIONS = DEBUG;
				SWIFT_OPTIMIZATION_LEVEL = "-Onone";
			};
			name = Debug;
		};
		4014F41529754CF6000014BE /* Release */ = {
			isa = XCBuildConfiguration;
			buildSettings = {
				ALWAYS_SEARCH_USER_PATHS = NO;
				CLANG_ANALYZER_NONNULL = YES;
				CLANG_ANALYZER_NUMBER_OBJECT_CONVERSION = YES_AGGRESSIVE;
				CLANG_CXX_LANGUAGE_STANDARD = "gnu++20";
				CLANG_ENABLE_MODULES = YES;
				CLANG_ENABLE_OBJC_ARC = YES;
				CLANG_ENABLE_OBJC_WEAK = YES;
				CLANG_WARN_BLOCK_CAPTURE_AUTORELEASING = YES;
				CLANG_WARN_BOOL_CONVERSION = YES;
				CLANG_WARN_COMMA = YES;
				CLANG_WARN_CONSTANT_CONVERSION = YES;
				CLANG_WARN_DEPRECATED_OBJC_IMPLEMENTATIONS = YES;
				CLANG_WARN_DIRECT_OBJC_ISA_USAGE = YES_ERROR;
				CLANG_WARN_DOCUMENTATION_COMMENTS = YES;
				CLANG_WARN_EMPTY_BODY = YES;
				CLANG_WARN_ENUM_CONVERSION = YES;
				CLANG_WARN_INFINITE_RECURSION = YES;
				CLANG_WARN_INT_CONVERSION = YES;
				CLANG_WARN_NON_LITERAL_NULL_CONVERSION = YES;
				CLANG_WARN_OBJC_IMPLICIT_RETAIN_SELF = YES;
				CLANG_WARN_OBJC_LITERAL_CONVERSION = YES;
				CLANG_WARN_OBJC_ROOT_CLASS = YES_ERROR;
				CLANG_WARN_QUOTED_INCLUDE_IN_FRAMEWORK_HEADER = YES;
				CLANG_WARN_RANGE_LOOP_ANALYSIS = YES;
				CLANG_WARN_STRICT_PROTOTYPES = YES;
				CLANG_WARN_SUSPICIOUS_MOVE = YES;
				CLANG_WARN_UNGUARDED_AVAILABILITY = YES_AGGRESSIVE;
				CLANG_WARN_UNREACHABLE_CODE = YES;
				CLANG_WARN__DUPLICATE_METHOD_MATCH = YES;
				COPY_PHASE_STRIP = NO;
				DEBUG_INFORMATION_FORMAT = "dwarf-with-dsym";
				ENABLE_NS_ASSERTIONS = NO;
				ENABLE_STRICT_OBJC_MSGSEND = YES;
				GCC_C_LANGUAGE_STANDARD = gnu11;
				GCC_NO_COMMON_BLOCKS = YES;
				GCC_WARN_64_TO_32_BIT_CONVERSION = YES;
				GCC_WARN_ABOUT_RETURN_TYPE = YES_ERROR;
				GCC_WARN_UNDECLARED_SELECTOR = YES;
				GCC_WARN_UNINITIALIZED_AUTOS = YES_AGGRESSIVE;
				GCC_WARN_UNUSED_FUNCTION = YES;
				GCC_WARN_UNUSED_VARIABLE = YES;
				IPHONEOS_DEPLOYMENT_TARGET = 16.2;
				MTL_ENABLE_DEBUG_INFO = NO;
				MTL_FAST_MATH = YES;
				SDKROOT = iphoneos;
				SWIFT_COMPILATION_MODE = wholemodule;
				SWIFT_OPTIMIZATION_LEVEL = "-O";
				VALIDATE_PRODUCT = YES;
			};
			name = Release;
		};
		4014F41729754CF6000014BE /* Debug */ = {
			isa = XCBuildConfiguration;
			buildSettings = {
				ASSETCATALOG_COMPILER_APPICON_NAME = AppIcon;
				ASSETCATALOG_COMPILER_GLOBAL_ACCENT_COLOR_NAME = AccentColor;
				CODE_SIGN_STYLE = Automatic;
				CURRENT_PROJECT_VERSION = 1;
				DEVELOPMENT_ASSET_PATHS = "\"UkrAppOne/Preview Content\"";
				DEVELOPMENT_TEAM = 7BF453L282;
				ENABLE_PREVIEWS = YES;
				GENERATE_INFOPLIST_FILE = YES;
				INFOPLIST_KEY_CFBundleDisplayName = Ukraine;
				INFOPLIST_KEY_UIApplicationSceneManifest_Generation = YES;
				INFOPLIST_KEY_UIApplicationSupportsIndirectInputEvents = YES;
				INFOPLIST_KEY_UILaunchScreen_Generation = YES;
				INFOPLIST_KEY_UISupportedInterfaceOrientations_iPad = "UIInterfaceOrientationPortrait UIInterfaceOrientationPortraitUpsideDown UIInterfaceOrientationLandscapeLeft UIInterfaceOrientationLandscapeRight";
				INFOPLIST_KEY_UISupportedInterfaceOrientations_iPhone = "UIInterfaceOrientationPortrait UIInterfaceOrientationLandscapeLeft UIInterfaceOrientationLandscapeRight";
				LD_RUNPATH_SEARCH_PATHS = (
					"$(inherited)",
					"@executable_path/Frameworks",
				);
				MARKETING_VERSION = 1.0;
				PRODUCT_BUNDLE_IDENTIFIER = www.temp.UkrAppOne;
				PRODUCT_NAME = "$(TARGET_NAME)";
				SWIFT_EMIT_LOC_STRINGS = YES;
				SWIFT_VERSION = 5.0;
				TARGETED_DEVICE_FAMILY = "1,2";
			};
			name = Debug;
		};
		4014F41829754CF6000014BE /* Release */ = {
			isa = XCBuildConfiguration;
			buildSettings = {
				ASSETCATALOG_COMPILER_APPICON_NAME = AppIcon;
				ASSETCATALOG_COMPILER_GLOBAL_ACCENT_COLOR_NAME = AccentColor;
				CODE_SIGN_STYLE = Automatic;
				CURRENT_PROJECT_VERSION = 1;
				DEVELOPMENT_ASSET_PATHS = "\"UkrAppOne/Preview Content\"";
				DEVELOPMENT_TEAM = 7BF453L282;
				ENABLE_PREVIEWS = YES;
				GENERATE_INFOPLIST_FILE = YES;
				INFOPLIST_KEY_CFBundleDisplayName = Ukraine;
				INFOPLIST_KEY_UIApplicationSceneManifest_Generation = YES;
				INFOPLIST_KEY_UIApplicationSupportsIndirectInputEvents = YES;
				INFOPLIST_KEY_UILaunchScreen_Generation = YES;
				INFOPLIST_KEY_UISupportedInterfaceOrientations_iPad = "UIInterfaceOrientationPortrait UIInterfaceOrientationPortraitUpsideDown UIInterfaceOrientationLandscapeLeft UIInterfaceOrientationLandscapeRight";
				INFOPLIST_KEY_UISupportedInterfaceOrientations_iPhone = "UIInterfaceOrientationPortrait UIInterfaceOrientationLandscapeLeft UIInterfaceOrientationLandscapeRight";
				LD_RUNPATH_SEARCH_PATHS = (
					"$(inherited)",
					"@executable_path/Frameworks",
				);
				MARKETING_VERSION = 1.0;
				PRODUCT_BUNDLE_IDENTIFIER = www.temp.UkrAppOne;
				PRODUCT_NAME = "$(TARGET_NAME)";
				SWIFT_EMIT_LOC_STRINGS = YES;
				SWIFT_VERSION = 5.0;
				TARGETED_DEVICE_FAMILY = "1,2";
			};
			name = Release;
		};
/* End XCBuildConfiguration section */

/* Begin XCConfigurationList section */
		4014F40329754CF5000014BE /* Build configuration list for PBXProject "UkrAppOne" */ = {
			isa = XCConfigurationList;
			buildConfigurations = (
				4014F41429754CF6000014BE /* Debug */,
				4014F41529754CF6000014BE /* Release */,
			);
			defaultConfigurationIsVisible = 0;
			defaultConfigurationName = Release;
		};
		4014F41629754CF6000014BE /* Build configuration list for PBXNativeTarget "UkrAppOne" */ = {
			isa = XCConfigurationList;
			buildConfigurations = (
				4014F41729754CF6000014BE /* Debug */,
				4014F41829754CF6000014BE /* Release */,
			);
			defaultConfigurationIsVisible = 0;
			defaultConfigurationName = Release;
		};
/* End XCConfigurationList section */
	};
	rootObject = 4014F40029754CF5000014BE /* Project object */;
}
